{
  "name": "@coach-app/baml-client",
  "version": "1.0.0",
  "lockfileVersion": 3,
  "requires": true,
  "packages": {
    "": {
      "name": "@coach-app/baml-client",
      "version": "1.0.0",
      "license": "MIT",
      "devDependencies": {
        "typescript": "^5.3.0"
      },
      "engines": {
        "node": ">=18.0.0"
      },
      "peerDependencies": {
        "@boundaryml/baml": ">=0.68.0"
      }
    },
    "node_modules/@boundaryml/baml": {
      "version": "0.217.0",
      "resolved": "https://registry.npmjs.org/@boundaryml/baml/-/baml-0.217.0.tgz",
      "integrity": "sha512-PDPm/EkbR5ClbP2qorxMnUqgiDcI68u0ED667NAKgjBu+u2BeWb/mRW26ebX5BvY0Ce9pDtlmRD/vHH+rXRAtg==",
      "license": "MIT",
      "peer": true,
      "dependencies": {
        "@scarf/scarf": "^1.3.0"
      },
      "bin": {
        "baml": "cli.js",
        "baml-cli": "cli.js"
      },
      "engines": {
        "node": ">= 10"
      },
      "optionalDependencies": {
        "@boundaryml/baml-darwin-arm64": "0.217.0",
        "@boundaryml/baml-darwin-x64": "0.217.0",
        "@boundaryml/baml-linux-arm64-gnu": "0.217.0",
        "@boundaryml/baml-linux-arm64-musl": "0.217.0",
        "@boundaryml/baml-linux-x64-gnu": "0.217.0",
        "@boundaryml/baml-linux-x64-musl": "0.217.0",
        "@boundaryml/baml-win32-arm64-msvc": "0.217.0",
        "@boundaryml/baml-win32-x64-msvc": "0.217.0"
      }
    },
    "node_modules/@boundaryml/baml-darwin-arm64": {
      "version": "0.217.0",
      "resolved": "https://registry.npmjs.org/@boundaryml/baml-darwin-arm64/-/baml-darwin-arm64-0.217.0.tgz",
      "integrity": "sha512-26yhOd83pzHvO/EN0x/aRqy0OejY2A7+grfAAN+b/I9iPdZ8LgHErXVn2r0sBm//vmmEEu8TI75rGwS1uyD87A==",
      "cpu": [
        "arm64"
      ],
      "license": "MIT",
      "optional": true,
      "os": [
        "darwin"
      ],
      "engines": {
        "node": ">= 10"
      }
    },
    "node_modules/@boundaryml/baml-darwin-x64": {
      "version": "0.217.0",
      "resolved": "https://registry.npmjs.org/@boundaryml/baml-darwin-x64/-/baml-darwin-x64-0.217.0.tgz",
      "integrity": "sha512-n6COBW92K3AA24YIh70M0tiN/vvq8UcIpwsuTTZVISw1aBP56GPUDmYNoNFKuBTlEbRVzeKrEuwRV5/7azztUQ==",
      "cpu": [
        "x64"
      ],
      "license": "MIT",
      "optional": true,
      "os": [
        "darwin"
      ],
      "engines": {
        "node": ">= 10"
      }
    },
    "node_modules/@boundaryml/baml-linux-arm64-gnu": {
      "version": "0.217.0",
      "resolved": "https://registry.npmjs.org/@boundaryml/baml-linux-arm64-gnu/-/baml-linux-arm64-gnu-0.217.0.tgz",
      "integrity": "sha512-a+ourSRXXDU9dRVZnTtyz245tzXIVMrHzLt5/YimdjuYdw4qBwmLV9nyMTRME/9AOrSclMcVpaR1N6adHgQdLQ==",
      "cpu": [
        "arm64"
      ],
      "license": "MIT",
      "optional": true,
      "os": [
        "linux"
      ],
      "engines": {
        "node": ">= 10"
      }
    },
    "node_modules/@boundaryml/baml-linux-arm64-musl": {
      "version": "0.217.0",
      "resolved": "https://registry.npmjs.org/@boundaryml/baml-linux-arm64-musl/-/baml-linux-arm64-musl-0.217.0.tgz",
      "integrity": "sha512-VmahCX8bYwRPGhsTe7bbs6vTOG1PzR1Z7qflD3rmUA0JrcKv3s8wj66pWuWr+194QSkbtXUYgEn5mzug9QLpBw==",
      "cpu": [
        "arm64"
      ],
      "license": "MIT",
      "optional": true,
      "os": [
        "linux"
      ],
      "engines": {
        "node": ">= 10"
      }
    },
    "node_modules/@boundaryml/baml-linux-x64-gnu": {
      "version": "0.217.0",
      "resolved": "https://registry.npmjs.org/@boundaryml/baml-linux-x64-gnu/-/baml-linux-x64-gnu-0.217.0.tgz",
      "integrity": "sha512-7Pn3nvyla+lX1lrRirLFJFddmG1gP9+7Bm+XeqV1Cm0xQNqoHtt8nBGZ0aRRm6enZsVr3DOK3af2xErydlr04Q==",
      "cpu": [
        "x64"
      ],
      "license": "MIT",
      "optional": true,
      "os": [
        "linux"
      ],
      "engines": {
        "node": ">= 10"
      }
    },
    "node_modules/@boundaryml/baml-linux-x64-musl": {
      "version": "0.217.0",
      "resolved": "https://registry.npmjs.org/@boundaryml/baml-linux-x64-musl/-/baml-linux-x64-musl-0.217.0.tgz",
      "integrity": "sha512-Zt60V2QUmvwSg1bG0J3MSxtTMQtOibFsd9A1LsqazuBH3srnHqcmtgw7GK6kCZtcEAFi5B5csTvMEL1Qy26EgQ==",
      "cpu": [
        "x64"
      ],
      "license": "MIT",
      "optional": true,
      "os": [
        "linux"
      ],
      "engines": {
        "node": ">= 10"
      }
    },
    "node_modules/@boundaryml/baml-win32-arm64-msvc": {
      "version": "0.217.0",
      "resolved": "https://registry.npmjs.org/@boundaryml/baml-win32-arm64-msvc/-/baml-win32-arm64-msvc-0.217.0.tgz",
      "integrity": "sha512-Lr+6dK0DA/IEZe1GwkdWCu8R7jiY60puVTsWBjZxCzCv/vOA6DZde9+eXvZK+veZp4zD5Oxh4KAOgl8Ie5mYLA==",
      "cpu": [
        "arm64"
      ],
      "license": "MIT",
      "optional": true,
      "os": [
        "win32"
      ],
      "engines": {
        "node": ">= 10"
      }
    },
    "node_modules/@boundaryml/baml-win32-x64-msvc": {
      "version": "0.217.0",
      "resolved": "https://registry.npmjs.org/@boundaryml/baml-win32-x64-msvc/-/baml-win32-x64-msvc-0.217.0.tgz",
      "integrity": "sha512-0MhYErNFrV4VX7/i8Cx9ZwWlwIOt9OofwcpiVx3h8QTR26ZtPDYAiht6DIh4P/X6baVwGkzE7jmb7Ao/jp3Fvg==",
      "cpu": [
        "x64"
      ],
      "license": "MIT",
      "optional": true,
      "os": [
        "win32"
      ],
      "engines": {
        "node": ">= 10"
      }
    },
    "node_modules/@scarf/scarf": {
      "version": "1.4.0",
      "resolved": "https://registry.npmjs.org/@scarf/scarf/-/scarf-1.4.0.tgz",
      "integrity": "sha512-xxeapPiUXdZAE3che6f3xogoJPeZgig6omHEy1rIY5WVsB3H2BHNnZH+gHG6x91SCWyQCzWGsuL2Hh3ClO5/qQ==",
      "hasInstallScript": true,
      "license": "Apache-2.0"
    },
    "node_modules/typescript": {
      "version": "5.9.3",
      "resolved": "https://registry.npmjs.org/typescript/-/typescript-5.9.3.tgz",
      "integrity": "sha512-jl1vZzPDinLr9eUt3J/t7V6FgNEw9QjvBPdysz9KfQDD41fQrC2Y4vKQdiaUpFT4bXlb1RHhLpp8wtm6M5TgSw==",
      "dev": true,
      "license": "Apache-2.0",
      "bin": {
        "tsc": "bin/tsc",
        "tsserver": "bin/tsserver"
      },
      "engines": {
        "node": ">=14.17"
      }
    }
  }
}
